PODS:
  - AFNetworking (1.3.3)
  - Facebook-iOS-SDK (3.10.0)
  - FPPopover (1.4.1)
  - iCarousel (1.7.6)
  - MBProgressHUD (0.8)
  - RNBlurModalView (0.1.0)
  - SDWebImage (3.5):
    - SDWebImage/Core
  - SDWebImage/Core (3.5)
  - SSKeychain (1.2.1)
  - TPKeyboardAvoiding (1.2.1)

DEPENDENCIES:
  - AFNetworking (= 1.3.3)
  - Facebook-iOS-SDK (~> 3.10.0)
  - FPPopover (~> 1.4.1)
  - iCarousel (~> 1.7.6)
  - MBProgressHUD (~> 0.8)
  - RNBlurModalView (~> 0.1.0)
  - SDWebImage (~> 3.5)
  - SSKeychain (~> 1.2.1)
  - TPKeyboardAvoiding (~> 1.2.1)

SPEC CHECKSUMS:
  AFNetworking: 0700ec7a58c36ad217173e167f6e4df7270df66b
  Facebook-iOS-SDK: ef402579aeb30cf0c4a6370fb0a927e3dc3059e5
  FPPopover: 0289b796c031d8f27bd221d93d282ffe23619893
  iCarousel: e23a26d7ba722215a42144e80adb0dcb59bebc41
  MBProgressHUD: 2bbc6f470111daf7f3eaa4eb12b8cbf01c4c0622
  RNBlurModalView: ab3855ced43749cb0fb4d370160bd2908476c8b6
  SDWebImage: f1a72472f8a2d54445f1fedafe2090593d9caf7f
  SSKeychain: d18926838c2e7cd342e2a49e9f869858e49f035a
  TPKeyboardAvoiding: 0536c563e6c8b8e95a7c4bf87fca9c0991f5e826

COCOAPODS: 0.28.0
