// !$*UTF8*$!
{
	archiveVersion = 1;
	classes = {
	};
	objectVersion = 46;
	objects = {

/* Begin PBXBuildFile section */
		6305D52F17345D1C0021482B /* FCSNavigationController.m in Sources */ = {isa = PBXBuildFile; fileRef = 6305D52E17345D1C0021482B /* FCSNavigationController.m */; };
		6312D7E4173BCBCB009B8E6D /* FCSCopyLabel.m in Sources */ = {isa = PBXBuildFile; fileRef = 6312D7E3173BCBCB009B8E6D /* FCSCopyLabel.m */; };
		6312D7E7173BCD11009B8E6D /* FCSButton.m in Sources */ = {isa = PBXBuildFile; fileRef = 6312D7E6173BCD11009B8E6D /* FCSButton.m */; };
		6312D7EB173BD70F009B8E6D /* button.png in Resources */ = {isa = PBXBuildFile; fileRef = 6312D7EA173BD70F009B8E6D /* button.png */; };
		6312D7EF173BD9CA009B8E6D /* heart.png in Resources */ = {isa = PBXBuildFile; fileRef = 6312D7EE173BD9C9009B8E6D /* heart.png */; };
		6312D7F2173BDE77009B8E6D /* FCSSecondaryCopyLabel.m in Sources */ = {isa = PBXBuildFile; fileRef = 6312D7F1173BDE77009B8E6D /* FCSSecondaryCopyLabel.m */; };
		6312D7F5173BDFB9009B8E6D /* FCSHighlightLabel.m in Sources */ = {isa = PBXBuildFile; fileRef = 6312D7F4173BDFB9009B8E6D /* FCSHighlightLabel.m */; };
		6312D7F9173BE30E009B8E6D /* FCSHeaderLabel.m in Sources */ = {isa = PBXBuildFile; fileRef = 6312D7F8173BE30E009B8E6D /* FCSHeaderLabel.m */; };
		6312D7FC173BE368009B8E6D /* FCSCopyTextView.m in Sources */ = {isa = PBXBuildFile; fileRef = 6312D7FB173BE368009B8E6D /* FCSCopyTextView.m */; };
		631C6D151731B31000151EFA /* FCSSignUpViewControllerTests.m in Sources */ = {isa = PBXBuildFile; fileRef = 631C6D141731B31000151EFA /* FCSSignUpViewControllerTests.m */; };
		631C6D161731D0BD00151EFA /* CoreGraphics.framework in Frameworks */ = {isa = PBXBuildFile; fileRef = 63DBB628173161FD003A74CC /* CoreGraphics.framework */; };
		631C6D191731D60A00151EFA /* FCSAuthorizer.m in Sources */ = {isa = PBXBuildFile; fileRef = 631C6D181731D60A00151EFA /* FCSAuthorizer.m */; };
		631C6D1F1731DC7200151EFA /* FCSRemoteAPI.m in Sources */ = {isa = PBXBuildFile; fileRef = 631C6D1E1731DC7200151EFA /* FCSRemoteAPI.m */; };
		631C6D231731DD3000151EFA /* FCSRemoteAPITests.m in Sources */ = {isa = PBXBuildFile; fileRef = 631C6D221731DD3000151EFA /* FCSRemoteAPITests.m */; };
		631C6D271731DD4900151EFA /* FCSAuthorizerTests.m in Sources */ = {isa = PBXBuildFile; fileRef = 631C6D261731DD4900151EFA /* FCSAuthorizerTests.m */; };
		631C6D2E1731E20F00151EFA /* FCSVenueListViewController.m in Sources */ = {isa = PBXBuildFile; fileRef = 631C6D2D1731E20F00151EFA /* FCSVenueListViewController.m */; };
		631C6D311731E62900151EFA /* FCSRestV1Adapter.m in Sources */ = {isa = PBXBuildFile; fileRef = 631C6D301731E62900151EFA /* FCSRestV1Adapter.m */; };
		631C6D341731E63800151EFA /* FCSFixtureAdapter.m in Sources */ = {isa = PBXBuildFile; fileRef = 631C6D331731E63800151EFA /* FCSFixtureAdapter.m */; };
		631C6D421731EBE500151EFA /* FCSStubAdapter.m in Sources */ = {isa = PBXBuildFile; fileRef = 631C6D411731EBE400151EFA /* FCSStubAdapter.m */; };
		631C6D4717329A3000151EFA /* FCSVenueListViewControllerTests.m in Sources */ = {isa = PBXBuildFile; fileRef = 631C6D4617329A3000151EFA /* FCSVenueListViewControllerTests.m */; };
		631C6D4A1732B50B00151EFA /* FCSVenueViewController.m in Sources */ = {isa = PBXBuildFile; fileRef = 631C6D491732B50A00151EFA /* FCSVenueViewController.m */; };
		631C6D501732E77200151EFA /* FCSVenue.m in Sources */ = {isa = PBXBuildFile; fileRef = 631C6D4F1732E77200151EFA /* FCSVenue.m */; };
		631C6D581732EB1700151EFA /* hopcat.png in CopyFiles */ = {isa = PBXBuildFile; fileRef = 631C6D511732E91D00151EFA /* hopcat.png */; };
		631C6D591732EB1700151EFA /* georgios.png in CopyFiles */ = {isa = PBXBuildFile; fileRef = 631C6D521732E91D00151EFA /* georgios.png */; };
		631C6D5A1732EB1700151EFA /* stellas.png in CopyFiles */ = {isa = PBXBuildFile; fileRef = 631C6D531732E91D00151EFA /* stellas.png */; };
		631C6D631733037100151EFA /* libPayPalMobile.a in Frameworks */ = {isa = PBXBuildFile; fileRef = 631C6D5F1733037100151EFA /* libPayPalMobile.a */; };
		631C6D6E173303E000151EFA /* AudioToolbox.framework in Frameworks */ = {isa = PBXBuildFile; fileRef = 631C6D64173303DB00151EFA /* AudioToolbox.framework */; };
		631C6D6F173303E000151EFA /* AVFoundation.framework in Frameworks */ = {isa = PBXBuildFile; fileRef = 631C6D65173303DC00151EFA /* AVFoundation.framework */; };
		631C6D70173303E000151EFA /* CoreMedia.framework in Frameworks */ = {isa = PBXBuildFile; fileRef = 631C6D66173303DC00151EFA /* CoreMedia.framework */; };
		631C6D71173303E000151EFA /* CoreVideo.framework in Frameworks */ = {isa = PBXBuildFile; fileRef = 631C6D67173303DD00151EFA /* CoreVideo.framework */; };
		631C6D72173303E000151EFA /* libxml2.dylib in Frameworks */ = {isa = PBXBuildFile; fileRef = 631C6D68173303DE00151EFA /* libxml2.dylib */; };
		631C6D73173303E000151EFA /* MessageUI.framework in Frameworks */ = {isa = PBXBuildFile; fileRef = 631C6D69173303DE00151EFA /* MessageUI.framework */; };
		631C6D74173303E000151EFA /* MobileCoreServices.framework in Frameworks */ = {isa = PBXBuildFile; fileRef = 631C6D6A173303DE00151EFA /* MobileCoreServices.framework */; };
		631C6D75173303E000151EFA /* OpenGLES.framework in Frameworks */ = {isa = PBXBuildFile; fileRef = 631C6D6B173303DF00151EFA /* OpenGLES.framework */; };
		631C6D76173303E000151EFA /* QuartzCore.framework in Frameworks */ = {isa = PBXBuildFile; fileRef = 631C6D6C173303DF00151EFA /* QuartzCore.framework */; };
		631C6D77173303E000151EFA /* Security.framework in Frameworks */ = {isa = PBXBuildFile; fileRef = 631C6D6D173303E000151EFA /* Security.framework */; };
		631C6D7A1733124300151EFA /* FCSSpecial.m in Sources */ = {isa = PBXBuildFile; fileRef = 631C6D791733124300151EFA /* FCSSpecial.m */; };
		632357261738156A0068A2F5 /* Hopcat.jpg in Resources */ = {isa = PBXBuildFile; fileRef = 632357241738156A0068A2F5 /* Hopcat.jpg */; };
		632357271738156A0068A2F5 /* kids.tiff in Resources */ = {isa = PBXBuildFile; fileRef = 632357251738156A0068A2F5 /* kids.tiff */; };
		6323572C173818A20068A2F5 /* FCSPurchaseViewController.m in Sources */ = {isa = PBXBuildFile; fileRef = 6323572B173818A20068A2F5 /* FCSPurchaseViewController.m */; };
		6323573417382DFF0068A2F5 /* Default-568h@2x.png in Resources */ = {isa = PBXBuildFile; fileRef = 6323573317382DFF0068A2F5 /* Default-568h@2x.png */; };
		6323573617382E070068A2F5 /* Default.png in Resources */ = {isa = PBXBuildFile; fileRef = 6323573517382E070068A2F5 /* Default.png */; };
		6323573817382E0E0068A2F5 /* Default@2x.png in Resources */ = {isa = PBXBuildFile; fileRef = 6323573717382E0E0068A2F5 /* Default@2x.png */; };
		6323573D173832950068A2F5 /* icon.png in Resources */ = {isa = PBXBuildFile; fileRef = 6323573C173832950068A2F5 /* icon.png */; };
		632357431738333E0068A2F5 /* icon@2x.png in Resources */ = {isa = PBXBuildFile; fileRef = 632357421738333E0068A2F5 /* icon@2x.png */; };
		632357451738349A0068A2F5 /* Social.framework in Frameworks */ = {isa = PBXBuildFile; fileRef = 632357441738349A0068A2F5 /* Social.framework */; };
		6323574A17384F3B0068A2F5 /* orangeButton.png in Resources */ = {isa = PBXBuildFile; fileRef = 6323574817384F3B0068A2F5 /* orangeButton.png */; };
		6323574B17384F3B0068A2F5 /* orangeButton@2x.png in Resources */ = {isa = PBXBuildFile; fileRef = 6323574917384F3B0068A2F5 /* orangeButton@2x.png */; };
		6323574E173850800068A2F5 /* FCSStyledViewController.m in Sources */ = {isa = PBXBuildFile; fileRef = 6323574D1738507F0068A2F5 /* FCSStyledViewController.m */; };
		63520BE9173D5D2F00D32223 /* FCSCodeLabel.m in Sources */ = {isa = PBXBuildFile; fileRef = 63520BE8173D5D2F00D32223 /* FCSCodeLabel.m */; };
		63520BEC173D623200D32223 /* FCSVoucherViewController.m in Sources */ = {isa = PBXBuildFile; fileRef = 63520BEB173D623200D32223 /* FCSVoucherViewController.m */; };
		63520BF0173D62B100D32223 /* facebook.png in Resources */ = {isa = PBXBuildFile; fileRef = 63520BED173D62B100D32223 /* facebook.png */; };
		63520BF1173D62B100D32223 /* Twitter.png in Resources */ = {isa = PBXBuildFile; fileRef = 63520BEE173D62B100D32223 /* Twitter.png */; };
		63520BF2173D62B100D32223 /* Yelp.png in Resources */ = {isa = PBXBuildFile; fileRef = 63520BEF173D62B100D32223 /* Yelp.png */; };
		63DB6381173D23C800B2DF41 /* FCSVenueCell.m in Sources */ = {isa = PBXBuildFile; fileRef = 63DB6380173D23C800B2DF41 /* FCSVenueCell.m */; };
		63DB6385173D2DDF00B2DF41 /* FCSVenueListLabel.m in Sources */ = {isa = PBXBuildFile; fileRef = 63DB6384173D2DDF00B2DF41 /* FCSVenueListLabel.m */; };
		63DB6388173D2EC600B2DF41 /* FCSStyles.m in Sources */ = {isa = PBXBuildFile; fileRef = 63DB6387173D2EC600B2DF41 /* FCSStyles.m */; };
		63DB638F173D331D00B2DF41 /* Brownie.jpg in CopyFiles */ = {isa = PBXBuildFile; fileRef = 63DB6389173D32A900B2DF41 /* Brownie.jpg */; };
		63DB6390173D331D00B2DF41 /* Crack Fries.jpg in CopyFiles */ = {isa = PBXBuildFile; fileRef = 63DB638A173D32AA00B2DF41 /* Crack Fries.jpg */; };
		63DB6391173D331D00B2DF41 /* Fountain Drinks.jpg in CopyFiles */ = {isa = PBXBuildFile; fileRef = 63DB638B173D32AA00B2DF41 /* Fountain Drinks.jpg */; };
		63DBB625173161FD003A74CC /* UIKit.framework in Frameworks */ = {isa = PBXBuildFile; fileRef = 63DBB624173161FD003A74CC /* UIKit.framework */; };
		63DBB627173161FD003A74CC /* Foundation.framework in Frameworks */ = {isa = PBXBuildFile; fileRef = 63DBB626173161FD003A74CC /* Foundation.framework */; };
		63DBB629173161FD003A74CC /* CoreGraphics.framework in Frameworks */ = {isa = PBXBuildFile; fileRef = 63DBB628173161FD003A74CC /* CoreGraphics.framework */; };
		63DBB62B173161FD003A74CC /* CoreData.framework in Frameworks */ = {isa = PBXBuildFile; fileRef = 63DBB62A173161FD003A74CC /* CoreData.framework */; };
		63DBB631173161FD003A74CC /* InfoPlist.strings in Resources */ = {isa = PBXBuildFile; fileRef = 63DBB62F173161FD003A74CC /* InfoPlist.strings */; };
		63DBB633173161FD003A74CC /* main.m in Sources */ = {isa = PBXBuildFile; fileRef = 63DBB632173161FD003A74CC /* main.m */; };
		63DBB637173161FD003A74CC /* FCSAppDelegate.m in Sources */ = {isa = PBXBuildFile; fileRef = 63DBB636173161FD003A74CC /* FCSAppDelegate.m */; };
		63DBB640173161FD003A74CC /* FoodCircles.xcdatamodeld in Sources */ = {isa = PBXBuildFile; fileRef = 63DBB63E173161FD003A74CC /* FoodCircles.xcdatamodeld */; };
		63DBB648173161FE003A74CC /* SenTestingKit.framework in Frameworks */ = {isa = PBXBuildFile; fileRef = 63DBB647173161FE003A74CC /* SenTestingKit.framework */; };
		63DBB649173161FE003A74CC /* UIKit.framework in Frameworks */ = {isa = PBXBuildFile; fileRef = 63DBB624173161FD003A74CC /* UIKit.framework */; };
		63DBB64A173161FE003A74CC /* Foundation.framework in Frameworks */ = {isa = PBXBuildFile; fileRef = 63DBB626173161FD003A74CC /* Foundation.framework */; };
		63DBB64B173161FE003A74CC /* CoreData.framework in Frameworks */ = {isa = PBXBuildFile; fileRef = 63DBB62A173161FD003A74CC /* CoreData.framework */; };
		63DBB653173161FE003A74CC /* InfoPlist.strings in Resources */ = {isa = PBXBuildFile; fileRef = 63DBB651173161FE003A74CC /* InfoPlist.strings */; };
		63DBB6601731634B003A74CC /* MainStoryboard.storyboard in Resources */ = {isa = PBXBuildFile; fileRef = 63DBB65F1731634B003A74CC /* MainStoryboard.storyboard */; };
		63DBB663173164CD003A74CC /* FCSSignUpViewController.m in Sources */ = {isa = PBXBuildFile; fileRef = 63DBB662173164CD003A74CC /* FCSSignUpViewController.m */; };
		63F89782174065FF00FB8391 /* FCSLandingPageViewController.m in Sources */ = {isa = PBXBuildFile; fileRef = 63F89781174065FF00FB8391 /* FCSLandingPageViewController.m */; };
		63F8978617406E9800FB8391 /* iCarousel.m in Sources */ = {isa = PBXBuildFile; fileRef = 63F8978517406E9800FB8391 /* iCarousel.m */; };
		63F8978F17407A0800FB8391 /* pa1.jpg in CopyFiles */ = {isa = PBXBuildFile; fileRef = 63F897871740744C00FB8391 /* pa1.jpg */; };
		63F8979017407A0800FB8391 /* pa2.jpg in CopyFiles */ = {isa = PBXBuildFile; fileRef = 63F897881740744C00FB8391 /* pa2.jpg */; };
		63F8979117407A0800FB8391 /* pa3.jpg in CopyFiles */ = {isa = PBXBuildFile; fileRef = 63F897891740744C00FB8391 /* pa3.jpg */; };
		63F8979217407A0800FB8391 /* pa4.jpg in CopyFiles */ = {isa = PBXBuildFile; fileRef = 63F8978A1740744C00FB8391 /* pa4.jpg */; };
/* End PBXBuildFile section */

/* Begin PBXContainerItemProxy section */
		63DBB64C173161FE003A74CC /* PBXContainerItemProxy */ = {
			isa = PBXContainerItemProxy;
			containerPortal = 63DBB619173161FD003A74CC /* Project object */;
			proxyType = 1;
			remoteGlobalIDString = 63DBB620173161FD003A74CC;
			remoteInfo = FoodCircles;
		};
/* End PBXContainerItemProxy section */

/* Begin PBXCopyFilesBuildPhase section */
		631C6D571732EAF600151EFA /* CopyFiles */ = {
			isa = PBXCopyFilesBuildPhase;
			buildActionMask = 2147483647;
			dstPath = images;
			dstSubfolderSpec = 7;
			files = (
				63F8978F17407A0800FB8391 /* pa1.jpg in CopyFiles */,
				63F8979017407A0800FB8391 /* pa2.jpg in CopyFiles */,
				63F8979117407A0800FB8391 /* pa3.jpg in CopyFiles */,
				63F8979217407A0800FB8391 /* pa4.jpg in CopyFiles */,
				63DB638F173D331D00B2DF41 /* Brownie.jpg in CopyFiles */,
				63DB6390173D331D00B2DF41 /* Crack Fries.jpg in CopyFiles */,
				63DB6391173D331D00B2DF41 /* Fountain Drinks.jpg in CopyFiles */,
				631C6D581732EB1700151EFA /* hopcat.png in CopyFiles */,
				631C6D591732EB1700151EFA /* georgios.png in CopyFiles */,
				631C6D5A1732EB1700151EFA /* stellas.png in CopyFiles */,
			);
			runOnlyForDeploymentPostprocessing = 0;
		};
/* End PBXCopyFilesBuildPhase section */

/* Begin PBXFileReference section */
		6305D52D17345D1C0021482B /* FCSNavigationController.h */ = {isa = PBXFileReference; fileEncoding = 4; lastKnownFileType = sourcecode.c.h; path = FCSNavigationController.h; sourceTree = "<group>"; };
		6305D52E17345D1C0021482B /* FCSNavigationController.m */ = {isa = PBXFileReference; fileEncoding = 4; lastKnownFileType = sourcecode.c.objc; path = FCSNavigationController.m; sourceTree = "<group>"; };
		6312D7E2173BCBCB009B8E6D /* FCSCopyLabel.h */ = {isa = PBXFileReference; fileEncoding = 4; lastKnownFileType = sourcecode.c.h; path = FCSCopyLabel.h; sourceTree = "<group>"; };
		6312D7E3173BCBCB009B8E6D /* FCSCopyLabel.m */ = {isa = PBXFileReference; fileEncoding = 4; lastKnownFileType = sourcecode.c.objc; path = FCSCopyLabel.m; sourceTree = "<group>"; };
		6312D7E5173BCD11009B8E6D /* FCSButton.h */ = {isa = PBXFileReference; fileEncoding = 4; lastKnownFileType = sourcecode.c.h; path = FCSButton.h; sourceTree = "<group>"; };
		6312D7E6173BCD11009B8E6D /* FCSButton.m */ = {isa = PBXFileReference; fileEncoding = 4; lastKnownFileType = sourcecode.c.objc; path = FCSButton.m; sourceTree = "<group>"; };
		6312D7EA173BD70F009B8E6D /* button.png */ = {isa = PBXFileReference; lastKnownFileType = image.png; path = button.png; sourceTree = "<group>"; };
		6312D7EE173BD9C9009B8E6D /* heart.png */ = {isa = PBXFileReference; lastKnownFileType = image.png; path = heart.png; sourceTree = "<group>"; };
		6312D7F0173BDE77009B8E6D /* FCSSecondaryCopyLabel.h */ = {isa = PBXFileReference; fileEncoding = 4; lastKnownFileType = sourcecode.c.h; path = FCSSecondaryCopyLabel.h; sourceTree = "<group>"; };
		6312D7F1173BDE77009B8E6D /* FCSSecondaryCopyLabel.m */ = {isa = PBXFileReference; fileEncoding = 4; lastKnownFileType = sourcecode.c.objc; path = FCSSecondaryCopyLabel.m; sourceTree = "<group>"; };
		6312D7F3173BDFB9009B8E6D /* FCSHighlightLabel.h */ = {isa = PBXFileReference; fileEncoding = 4; lastKnownFileType = sourcecode.c.h; path = FCSHighlightLabel.h; sourceTree = "<group>"; };
		6312D7F4173BDFB9009B8E6D /* FCSHighlightLabel.m */ = {isa = PBXFileReference; fileEncoding = 4; lastKnownFileType = sourcecode.c.objc; path = FCSHighlightLabel.m; sourceTree = "<group>"; };
		6312D7F7173BE30D009B8E6D /* FCSHeaderLabel.h */ = {isa = PBXFileReference; fileEncoding = 4; lastKnownFileType = sourcecode.c.h; path = FCSHeaderLabel.h; sourceTree = "<group>"; };
		6312D7F8173BE30E009B8E6D /* FCSHeaderLabel.m */ = {isa = PBXFileReference; fileEncoding = 4; lastKnownFileType = sourcecode.c.objc; path = FCSHeaderLabel.m; sourceTree = "<group>"; };
		6312D7FA173BE368009B8E6D /* FCSCopyTextView.h */ = {isa = PBXFileReference; fileEncoding = 4; lastKnownFileType = sourcecode.c.h; path = FCSCopyTextView.h; sourceTree = "<group>"; };
		6312D7FB173BE368009B8E6D /* FCSCopyTextView.m */ = {isa = PBXFileReference; fileEncoding = 4; lastKnownFileType = sourcecode.c.objc; path = FCSCopyTextView.m; sourceTree = "<group>"; };
		631C6D131731B31000151EFA /* FCSSignUpViewControllerTests.h */ = {isa = PBXFileReference; fileEncoding = 4; lastKnownFileType = sourcecode.c.h; path = FCSSignUpViewControllerTests.h; sourceTree = "<group>"; };
		631C6D141731B31000151EFA /* FCSSignUpViewControllerTests.m */ = {isa = PBXFileReference; fileEncoding = 4; lastKnownFileType = sourcecode.c.objc; path = FCSSignUpViewControllerTests.m; sourceTree = "<group>"; };
		631C6D171731D60A00151EFA /* FCSAuthorizer.h */ = {isa = PBXFileReference; fileEncoding = 4; lastKnownFileType = sourcecode.c.h; path = FCSAuthorizer.h; sourceTree = "<group>"; };
		631C6D181731D60A00151EFA /* FCSAuthorizer.m */ = {isa = PBXFileReference; fileEncoding = 4; lastKnownFileType = sourcecode.c.objc; path = FCSAuthorizer.m; sourceTree = "<group>"; };
		631C6D1D1731DC7200151EFA /* FCSRemoteAPI.h */ = {isa = PBXFileReference; fileEncoding = 4; lastKnownFileType = sourcecode.c.h; path = FCSRemoteAPI.h; sourceTree = "<group>"; };
		631C6D1E1731DC7200151EFA /* FCSRemoteAPI.m */ = {isa = PBXFileReference; fileEncoding = 4; lastKnownFileType = sourcecode.c.objc; path = FCSRemoteAPI.m; sourceTree = "<group>"; };
		631C6D211731DD3000151EFA /* FCSRemoteAPITests.h */ = {isa = PBXFileReference; fileEncoding = 4; lastKnownFileType = sourcecode.c.h; name = FCSRemoteAPITests.h; path = FoodCirclesTests/FCSRemoteAPITests.h; sourceTree = SOURCE_ROOT; };
		631C6D221731DD3000151EFA /* FCSRemoteAPITests.m */ = {isa = PBXFileReference; fileEncoding = 4; lastKnownFileType = sourcecode.c.objc; name = FCSRemoteAPITests.m; path = FoodCirclesTests/FCSRemoteAPITests.m; sourceTree = SOURCE_ROOT; };
		631C6D251731DD4900151EFA /* FCSAuthorizerTests.h */ = {isa = PBXFileReference; fileEncoding = 4; lastKnownFileType = sourcecode.c.h; path = FCSAuthorizerTests.h; sourceTree = "<group>"; };
		631C6D261731DD4900151EFA /* FCSAuthorizerTests.m */ = {isa = PBXFileReference; fileEncoding = 4; lastKnownFileType = sourcecode.c.objc; path = FCSAuthorizerTests.m; sourceTree = "<group>"; };
		631C6D2C1731E20F00151EFA /* FCSVenueListViewController.h */ = {isa = PBXFileReference; fileEncoding = 4; lastKnownFileType = sourcecode.c.h; path = FCSVenueListViewController.h; sourceTree = "<group>"; };
		631C6D2D1731E20F00151EFA /* FCSVenueListViewController.m */ = {isa = PBXFileReference; fileEncoding = 4; lastKnownFileType = sourcecode.c.objc; path = FCSVenueListViewController.m; sourceTree = "<group>"; };
		631C6D2F1731E62900151EFA /* FCSRestV1Adapter.h */ = {isa = PBXFileReference; fileEncoding = 4; lastKnownFileType = sourcecode.c.h; path = FCSRestV1Adapter.h; sourceTree = "<group>"; };
		631C6D301731E62900151EFA /* FCSRestV1Adapter.m */ = {isa = PBXFileReference; fileEncoding = 4; lastKnownFileType = sourcecode.c.objc; path = FCSRestV1Adapter.m; sourceTree = "<group>"; };
		631C6D321731E63800151EFA /* FCSFixtureAdapter.h */ = {isa = PBXFileReference; fileEncoding = 4; lastKnownFileType = sourcecode.c.h; path = FCSFixtureAdapter.h; sourceTree = "<group>"; };
		631C6D331731E63800151EFA /* FCSFixtureAdapter.m */ = {isa = PBXFileReference; fileEncoding = 4; lastKnownFileType = sourcecode.c.objc; path = FCSFixtureAdapter.m; sourceTree = "<group>"; };
		631C6D351731E6A100151EFA /* FCSAPIAdapter.h */ = {isa = PBXFileReference; lastKnownFileType = sourcecode.c.h; path = FCSAPIAdapter.h; sourceTree = "<group>"; };
		631C6D401731EBE400151EFA /* FCSStubAdapter.h */ = {isa = PBXFileReference; fileEncoding = 4; lastKnownFileType = sourcecode.c.h; path = FCSStubAdapter.h; sourceTree = "<group>"; };
		631C6D411731EBE400151EFA /* FCSStubAdapter.m */ = {isa = PBXFileReference; fileEncoding = 4; lastKnownFileType = sourcecode.c.objc; path = FCSStubAdapter.m; sourceTree = "<group>"; };
		631C6D4517329A3000151EFA /* FCSVenueListViewControllerTests.h */ = {isa = PBXFileReference; fileEncoding = 4; lastKnownFileType = sourcecode.c.h; path = FCSVenueListViewControllerTests.h; sourceTree = "<group>"; };
		631C6D4617329A3000151EFA /* FCSVenueListViewControllerTests.m */ = {isa = PBXFileReference; fileEncoding = 4; lastKnownFileType = sourcecode.c.objc; path = FCSVenueListViewControllerTests.m; sourceTree = "<group>"; };
		631C6D481732B50A00151EFA /* FCSVenueViewController.h */ = {isa = PBXFileReference; fileEncoding = 4; lastKnownFileType = sourcecode.c.h; path = FCSVenueViewController.h; sourceTree = "<group>"; };
		631C6D491732B50A00151EFA /* FCSVenueViewController.m */ = {isa = PBXFileReference; fileEncoding = 4; lastKnownFileType = sourcecode.c.objc; path = FCSVenueViewController.m; sourceTree = "<group>"; };
		631C6D4E1732E77200151EFA /* FCSVenue.h */ = {isa = PBXFileReference; fileEncoding = 4; lastKnownFileType = sourcecode.c.h; path = FCSVenue.h; sourceTree = "<group>"; };
		631C6D4F1732E77200151EFA /* FCSVenue.m */ = {isa = PBXFileReference; fileEncoding = 4; lastKnownFileType = sourcecode.c.objc; path = FCSVenue.m; sourceTree = "<group>"; };
		631C6D511732E91D00151EFA /* hopcat.png */ = {isa = PBXFileReference; lastKnownFileType = image.png; path = hopcat.png; sourceTree = "<group>"; };
		631C6D521732E91D00151EFA /* georgios.png */ = {isa = PBXFileReference; lastKnownFileType = image.png; path = georgios.png; sourceTree = "<group>"; };
		631C6D531732E91D00151EFA /* stellas.png */ = {isa = PBXFileReference; lastKnownFileType = image.png; path = stellas.png; sourceTree = "<group>"; };
		631C6D5F1733037100151EFA /* libPayPalMobile.a */ = {isa = PBXFileReference; lastKnownFileType = archive.ar; path = libPayPalMobile.a; sourceTree = "<group>"; };
		631C6D601733037100151EFA /* PayPalMobile.h */ = {isa = PBXFileReference; fileEncoding = 4; lastKnownFileType = sourcecode.c.h; path = PayPalMobile.h; sourceTree = "<group>"; };
		631C6D611733037100151EFA /* PayPalPayment.h */ = {isa = PBXFileReference; fileEncoding = 4; lastKnownFileType = sourcecode.c.h; path = PayPalPayment.h; sourceTree = "<group>"; };
		631C6D621733037100151EFA /* PayPalPaymentViewController.h */ = {isa = PBXFileReference; fileEncoding = 4; lastKnownFileType = sourcecode.c.h; path = PayPalPaymentViewController.h; sourceTree = "<group>"; };
		631C6D64173303DB00151EFA /* AudioToolbox.framework */ = {isa = PBXFileReference; lastKnownFileType = wrapper.framework; name = AudioToolbox.framework; path = System/Library/Frameworks/AudioToolbox.framework; sourceTree = SDKROOT; };
		631C6D65173303DC00151EFA /* AVFoundation.framework */ = {isa = PBXFileReference; lastKnownFileType = wrapper.framework; name = AVFoundation.framework; path = System/Library/Frameworks/AVFoundation.framework; sourceTree = SDKROOT; };
		631C6D66173303DC00151EFA /* CoreMedia.framework */ = {isa = PBXFileReference; lastKnownFileType = wrapper.framework; name = CoreMedia.framework; path = System/Library/Frameworks/CoreMedia.framework; sourceTree = SDKROOT; };
		631C6D67173303DD00151EFA /* CoreVideo.framework */ = {isa = PBXFileReference; lastKnownFileType = wrapper.framework; name = CoreVideo.framework; path = System/Library/Frameworks/CoreVideo.framework; sourceTree = SDKROOT; };
		631C6D68173303DE00151EFA /* libxml2.dylib */ = {isa = PBXFileReference; lastKnownFileType = "compiled.mach-o.dylib"; name = libxml2.dylib; path = usr/lib/libxml2.dylib; sourceTree = SDKROOT; };
		631C6D69173303DE00151EFA /* MessageUI.framework */ = {isa = PBXFileReference; lastKnownFileType = wrapper.framework; name = MessageUI.framework; path = System/Library/Frameworks/MessageUI.framework; sourceTree = SDKROOT; };
		631C6D6A173303DE00151EFA /* MobileCoreServices.framework */ = {isa = PBXFileReference; lastKnownFileType = wrapper.framework; name = MobileCoreServices.framework; path = System/Library/Frameworks/MobileCoreServices.framework; sourceTree = SDKROOT; };
		631C6D6B173303DF00151EFA /* OpenGLES.framework */ = {isa = PBXFileReference; lastKnownFileType = wrapper.framework; name = OpenGLES.framework; path = System/Library/Frameworks/OpenGLES.framework; sourceTree = SDKROOT; };
		631C6D6C173303DF00151EFA /* QuartzCore.framework */ = {isa = PBXFileReference; lastKnownFileType = wrapper.framework; name = QuartzCore.framework; path = System/Library/Frameworks/QuartzCore.framework; sourceTree = SDKROOT; };
		631C6D6D173303E000151EFA /* Security.framework */ = {isa = PBXFileReference; lastKnownFileType = wrapper.framework; name = Security.framework; path = System/Library/Frameworks/Security.framework; sourceTree = SDKROOT; };
		631C6D781733124300151EFA /* FCSSpecial.h */ = {isa = PBXFileReference; fileEncoding = 4; lastKnownFileType = sourcecode.c.h; path = FCSSpecial.h; sourceTree = "<group>"; };
		631C6D791733124300151EFA /* FCSSpecial.m */ = {isa = PBXFileReference; fileEncoding = 4; lastKnownFileType = sourcecode.c.objc; path = FCSSpecial.m; sourceTree = "<group>"; };
		632357241738156A0068A2F5 /* Hopcat.jpg */ = {isa = PBXFileReference; lastKnownFileType = image.jpeg; path = Hopcat.jpg; sourceTree = "<group>"; };
		632357251738156A0068A2F5 /* kids.tiff */ = {isa = PBXFileReference; lastKnownFileType = image.tiff; path = kids.tiff; sourceTree = "<group>"; };
		6323572A173818A20068A2F5 /* FCSPurchaseViewController.h */ = {isa = PBXFileReference; fileEncoding = 4; lastKnownFileType = sourcecode.c.h; path = FCSPurchaseViewController.h; sourceTree = "<group>"; };
		6323572B173818A20068A2F5 /* FCSPurchaseViewController.m */ = {isa = PBXFileReference; fileEncoding = 4; lastKnownFileType = sourcecode.c.objc; path = FCSPurchaseViewController.m; sourceTree = "<group>"; };
		6323573317382DFF0068A2F5 /* Default-568h@2x.png */ = {isa = PBXFileReference; lastKnownFileType = image.png; path = "Default-568h@2x.png"; sourceTree = "<group>"; };
		6323573517382E070068A2F5 /* Default.png */ = {isa = PBXFileReference; lastKnownFileType = image.png; path = Default.png; sourceTree = "<group>"; };
		6323573717382E0E0068A2F5 /* Default@2x.png */ = {isa = PBXFileReference; lastKnownFileType = image.png; path = "Default@2x.png"; sourceTree = "<group>"; };
		6323573C173832950068A2F5 /* icon.png */ = {isa = PBXFileReference; lastKnownFileType = image.png; path = icon.png; sourceTree = "<group>"; };
		632357421738333E0068A2F5 /* icon@2x.png */ = {isa = PBXFileReference; lastKnownFileType = image.png; path = "icon@2x.png"; sourceTree = "<group>"; };
		632357441738349A0068A2F5 /* Social.framework */ = {isa = PBXFileReference; lastKnownFileType = wrapper.framework; name = Social.framework; path = System/Library/Frameworks/Social.framework; sourceTree = SDKROOT; };
		6323574817384F3B0068A2F5 /* orangeButton.png */ = {isa = PBXFileReference; lastKnownFileType = image.png; path = orangeButton.png; sourceTree = "<group>"; };
		6323574917384F3B0068A2F5 /* orangeButton@2x.png */ = {isa = PBXFileReference; lastKnownFileType = image.png; path = "orangeButton@2x.png"; sourceTree = "<group>"; };
		6323574C1738507F0068A2F5 /* FCSStyledViewController.h */ = {isa = PBXFileReference; fileEncoding = 4; lastKnownFileType = sourcecode.c.h; path = FCSStyledViewController.h; sourceTree = "<group>"; };
		6323574D1738507F0068A2F5 /* FCSStyledViewController.m */ = {isa = PBXFileReference; fileEncoding = 4; lastKnownFileType = sourcecode.c.objc; path = FCSStyledViewController.m; sourceTree = "<group>"; };
		63504A6317393170009DE323 /* FacebookSDK.framework */ = {isa = PBXFileReference; lastKnownFileType = wrapper.framework; name = FacebookSDK.framework; path = /Library/Frameworks/FacebookSDK.framework; sourceTree = "<absolute>"; };
		63520BE7173D5D2F00D32223 /* FCSCodeLabel.h */ = {isa = PBXFileReference; fileEncoding = 4; lastKnownFileType = sourcecode.c.h; path = FCSCodeLabel.h; sourceTree = "<group>"; };
		63520BE8173D5D2F00D32223 /* FCSCodeLabel.m */ = {isa = PBXFileReference; fileEncoding = 4; lastKnownFileType = sourcecode.c.objc; path = FCSCodeLabel.m; sourceTree = "<group>"; };
		63520BEA173D623200D32223 /* FCSVoucherViewController.h */ = {isa = PBXFileReference; fileEncoding = 4; lastKnownFileType = sourcecode.c.h; path = FCSVoucherViewController.h; sourceTree = "<group>"; };
		63520BEB173D623200D32223 /* FCSVoucherViewController.m */ = {isa = PBXFileReference; fileEncoding = 4; lastKnownFileType = sourcecode.c.objc; path = FCSVoucherViewController.m; sourceTree = "<group>"; };
		63520BED173D62B100D32223 /* facebook.png */ = {isa = PBXFileReference; lastKnownFileType = image.png; path = facebook.png; sourceTree = "<group>"; };
		63520BEE173D62B100D32223 /* Twitter.png */ = {isa = PBXFileReference; lastKnownFileType = image.png; path = Twitter.png; sourceTree = "<group>"; };
		63520BEF173D62B100D32223 /* Yelp.png */ = {isa = PBXFileReference; lastKnownFileType = image.png; path = Yelp.png; sourceTree = "<group>"; };
		63DB637F173D23C800B2DF41 /* FCSVenueCell.h */ = {isa = PBXFileReference; fileEncoding = 4; lastKnownFileType = sourcecode.c.h; path = FCSVenueCell.h; sourceTree = "<group>"; };
		63DB6380173D23C800B2DF41 /* FCSVenueCell.m */ = {isa = PBXFileReference; fileEncoding = 4; lastKnownFileType = sourcecode.c.objc; path = FCSVenueCell.m; sourceTree = "<group>"; };
		63DB6383173D2DDF00B2DF41 /* FCSVenueListLabel.h */ = {isa = PBXFileReference; fileEncoding = 4; lastKnownFileType = sourcecode.c.h; path = FCSVenueListLabel.h; sourceTree = "<group>"; };
		63DB6384173D2DDF00B2DF41 /* FCSVenueListLabel.m */ = {isa = PBXFileReference; fileEncoding = 4; lastKnownFileType = sourcecode.c.objc; path = FCSVenueListLabel.m; sourceTree = "<group>"; };
		63DB6386173D2EC600B2DF41 /* FCSStyles.h */ = {isa = PBXFileReference; fileEncoding = 4; lastKnownFileType = sourcecode.c.h; path = FCSStyles.h; sourceTree = "<group>"; };
		63DB6387173D2EC600B2DF41 /* FCSStyles.m */ = {isa = PBXFileReference; fileEncoding = 4; lastKnownFileType = sourcecode.c.objc; path = FCSStyles.m; sourceTree = "<group>"; };
		63DB6389173D32A900B2DF41 /* Brownie.jpg */ = {isa = PBXFileReference; lastKnownFileType = image.jpeg; path = Brownie.jpg; sourceTree = "<group>"; };
		63DB638A173D32AA00B2DF41 /* Crack Fries.jpg */ = {isa = PBXFileReference; lastKnownFileType = image.jpeg; path = "Crack Fries.jpg"; sourceTree = "<group>"; };
		63DB638B173D32AA00B2DF41 /* Fountain Drinks.jpg */ = {isa = PBXFileReference; lastKnownFileType = image.jpeg; path = "Fountain Drinks.jpg"; sourceTree = "<group>"; };
		63DBB621173161FD003A74CC /* FoodCircles.app */ = {isa = PBXFileReference; explicitFileType = wrapper.application; includeInIndex = 0; path = FoodCircles.app; sourceTree = BUILT_PRODUCTS_DIR; };
		63DBB624173161FD003A74CC /* UIKit.framework */ = {isa = PBXFileReference; lastKnownFileType = wrapper.framework; name = UIKit.framework; path = System/Library/Frameworks/UIKit.framework; sourceTree = SDKROOT; };
		63DBB626173161FD003A74CC /* Foundation.framework */ = {isa = PBXFileReference; lastKnownFileType = wrapper.framework; name = Foundation.framework; path = System/Library/Frameworks/Foundation.framework; sourceTree = SDKROOT; };
		63DBB628173161FD003A74CC /* CoreGraphics.framework */ = {isa = PBXFileReference; lastKnownFileType = wrapper.framework; name = CoreGraphics.framework; path = System/Library/Frameworks/CoreGraphics.framework; sourceTree = SDKROOT; };
		63DBB62A173161FD003A74CC /* CoreData.framework */ = {isa = PBXFileReference; lastKnownFileType = wrapper.framework; name = CoreData.framework; path = System/Library/Frameworks/CoreData.framework; sourceTree = SDKROOT; };
		63DBB62E173161FD003A74CC /* FoodCircles-Info.plist */ = {isa = PBXFileReference; lastKnownFileType = text.plist.xml; path = "FoodCircles-Info.plist"; sourceTree = "<group>"; };
		63DBB630173161FD003A74CC /* en */ = {isa = PBXFileReference; lastKnownFileType = text.plist.strings; name = en; path = en.lproj/InfoPlist.strings; sourceTree = "<group>"; };
		63DBB632173161FD003A74CC /* main.m */ = {isa = PBXFileReference; lastKnownFileType = sourcecode.c.objc; path = main.m; sourceTree = "<group>"; };
		63DBB634173161FD003A74CC /* FoodCircles-Prefix.pch */ = {isa = PBXFileReference; lastKnownFileType = sourcecode.c.h; path = "FoodCircles-Prefix.pch"; sourceTree = "<group>"; };
		63DBB635173161FD003A74CC /* FCSAppDelegate.h */ = {isa = PBXFileReference; lastKnownFileType = sourcecode.c.h; path = FCSAppDelegate.h; sourceTree = "<group>"; };
		63DBB636173161FD003A74CC /* FCSAppDelegate.m */ = {isa = PBXFileReference; lastKnownFileType = sourcecode.c.objc; path = FCSAppDelegate.m; sourceTree = "<group>"; };
		63DBB63F173161FD003A74CC /* FoodCircles.xcdatamodel */ = {isa = PBXFileReference; lastKnownFileType = wrapper.xcdatamodel; path = FoodCircles.xcdatamodel; sourceTree = "<group>"; };
		63DBB646173161FE003A74CC /* FoodCirclesTests.octest */ = {isa = PBXFileReference; explicitFileType = wrapper.cfbundle; includeInIndex = 0; path = FoodCirclesTests.octest; sourceTree = BUILT_PRODUCTS_DIR; };
		63DBB647173161FE003A74CC /* SenTestingKit.framework */ = {isa = PBXFileReference; lastKnownFileType = wrapper.framework; name = SenTestingKit.framework; path = Library/Frameworks/SenTestingKit.framework; sourceTree = DEVELOPER_DIR; };
		63DBB650173161FE003A74CC /* FoodCirclesTests-Info.plist */ = {isa = PBXFileReference; lastKnownFileType = text.plist.xml; path = "FoodCirclesTests-Info.plist"; sourceTree = "<group>"; };
		63DBB652173161FE003A74CC /* en */ = {isa = PBXFileReference; lastKnownFileType = text.plist.strings; name = en; path = en.lproj/InfoPlist.strings; sourceTree = "<group>"; };
		63DBB65F1731634B003A74CC /* MainStoryboard.storyboard */ = {isa = PBXFileReference; fileEncoding = 4; lastKnownFileType = file.storyboard; path = MainStoryboard.storyboard; sourceTree = "<group>"; };
		63DBB661173164CD003A74CC /* FCSSignUpViewController.h */ = {isa = PBXFileReference; fileEncoding = 4; lastKnownFileType = sourcecode.c.h; path = FCSSignUpViewController.h; sourceTree = "<group>"; };
		63DBB662173164CD003A74CC /* FCSSignUpViewController.m */ = {isa = PBXFileReference; fileEncoding = 4; lastKnownFileType = sourcecode.c.objc; path = FCSSignUpViewController.m; sourceTree = "<group>"; };
		63F89780174065FF00FB8391 /* FCSLandingPageViewController.h */ = {isa = PBXFileReference; fileEncoding = 4; lastKnownFileType = sourcecode.c.h; path = FCSLandingPageViewController.h; sourceTree = "<group>"; };
		63F89781174065FF00FB8391 /* FCSLandingPageViewController.m */ = {isa = PBXFileReference; fileEncoding = 4; lastKnownFileType = sourcecode.c.objc; path = FCSLandingPageViewController.m; sourceTree = "<group>"; };
		63F8978417406E9800FB8391 /* iCarousel.h */ = {isa = PBXFileReference; fileEncoding = 4; lastKnownFileType = sourcecode.c.h; path = iCarousel.h; sourceTree = "<group>"; };
		63F8978517406E9800FB8391 /* iCarousel.m */ = {isa = PBXFileReference; fileEncoding = 4; lastKnownFileType = sourcecode.c.objc; path = iCarousel.m; sourceTree = "<group>"; };
		63F897871740744C00FB8391 /* pa1.jpg */ = {isa = PBXFileReference; lastKnownFileType = image.jpeg; path = pa1.jpg; sourceTree = "<group>"; };
		63F897881740744C00FB8391 /* pa2.jpg */ = {isa = PBXFileReference; lastKnownFileType = image.jpeg; path = pa2.jpg; sourceTree = "<group>"; };
		63F897891740744C00FB8391 /* pa3.jpg */ = {isa = PBXFileReference; lastKnownFileType = image.jpeg; path = pa3.jpg; sourceTree = "<group>"; };
		63F8978A1740744C00FB8391 /* pa4.jpg */ = {isa = PBXFileReference; lastKnownFileType = image.jpeg; path = pa4.jpg; sourceTree = "<group>"; };
/* End PBXFileReference section */

/* Begin PBXFrameworksBuildPhase section */
		63DBB61E173161FD003A74CC /* Frameworks */ = {
			isa = PBXFrameworksBuildPhase;
			buildActionMask = 2147483647;
			files = (
				632357451738349A0068A2F5 /* Social.framework in Frameworks */,
				631C6D6E173303E000151EFA /* AudioToolbox.framework in Frameworks */,
				631C6D6F173303E000151EFA /* AVFoundation.framework in Frameworks */,
				631C6D70173303E000151EFA /* CoreMedia.framework in Frameworks */,
				631C6D71173303E000151EFA /* CoreVideo.framework in Frameworks */,
				631C6D72173303E000151EFA /* libxml2.dylib in Frameworks */,
				631C6D73173303E000151EFA /* MessageUI.framework in Frameworks */,
				631C6D74173303E000151EFA /* MobileCoreServices.framework in Frameworks */,
				631C6D75173303E000151EFA /* OpenGLES.framework in Frameworks */,
				631C6D76173303E000151EFA /* QuartzCore.framework in Frameworks */,
				631C6D77173303E000151EFA /* Security.framework in Frameworks */,
				63DBB625173161FD003A74CC /* UIKit.framework in Frameworks */,
				63DBB627173161FD003A74CC /* Foundation.framework in Frameworks */,
				63DBB629173161FD003A74CC /* CoreGraphics.framework in Frameworks */,
				63DBB62B173161FD003A74CC /* CoreData.framework in Frameworks */,
				631C6D631733037100151EFA /* libPayPalMobile.a in Frameworks */,
			);
			runOnlyForDeploymentPostprocessing = 0;
		};
		63DBB642173161FE003A74CC /* Frameworks */ = {
			isa = PBXFrameworksBuildPhase;
			buildActionMask = 2147483647;
			files = (
				631C6D161731D0BD00151EFA /* CoreGraphics.framework in Frameworks */,
				63DBB648173161FE003A74CC /* SenTestingKit.framework in Frameworks */,
				63DBB649173161FE003A74CC /* UIKit.framework in Frameworks */,
				63DBB64A173161FE003A74CC /* Foundation.framework in Frameworks */,
				63DBB64B173161FE003A74CC /* CoreData.framework in Frameworks */,
			);
			runOnlyForDeploymentPostprocessing = 0;
		};
/* End PBXFrameworksBuildPhase section */

/* Begin PBXGroup section */
		6312D7E1173BCBB4009B8E6D /* UI Styles */ = {
			isa = PBXGroup;
			children = (
				63DB6386173D2EC600B2DF41 /* FCSStyles.h */,
				63DB6387173D2EC600B2DF41 /* FCSStyles.m */,
				6312D7F6173BDFFD009B8E6D /* Labels */,
				6305D52D17345D1C0021482B /* FCSNavigationController.h */,
				6305D52E17345D1C0021482B /* FCSNavigationController.m */,
				6312D7E5173BCD11009B8E6D /* FCSButton.h */,
				6312D7E6173BCD11009B8E6D /* FCSButton.m */,
			);
			name = "UI Styles";
			sourceTree = "<group>";
		};
		6312D7F6173BDFFD009B8E6D /* Labels */ = {
			isa = PBXGroup;
			children = (
				6312D7E2173BCBCB009B8E6D /* FCSCopyLabel.h */,
				6312D7E3173BCBCB009B8E6D /* FCSCopyLabel.m */,
				6312D7F3173BDFB9009B8E6D /* FCSHighlightLabel.h */,
				6312D7F4173BDFB9009B8E6D /* FCSHighlightLabel.m */,
				6312D7F0173BDE77009B8E6D /* FCSSecondaryCopyLabel.h */,
				6312D7F1173BDE77009B8E6D /* FCSSecondaryCopyLabel.m */,
				6312D7F7173BE30D009B8E6D /* FCSHeaderLabel.h */,
				6312D7F8173BE30E009B8E6D /* FCSHeaderLabel.m */,
				6312D7FA173BE368009B8E6D /* FCSCopyTextView.h */,
				6312D7FB173BE368009B8E6D /* FCSCopyTextView.m */,
				63DB6383173D2DDF00B2DF41 /* FCSVenueListLabel.h */,
				63DB6384173D2DDF00B2DF41 /* FCSVenueListLabel.m */,
				63520BE7173D5D2F00D32223 /* FCSCodeLabel.h */,
				63520BE8173D5D2F00D32223 /* FCSCodeLabel.m */,
			);
			name = Labels;
			sourceTree = "<group>";
		};
		631C6D201731DC8600151EFA /* RemoteAPI */ = {
			isa = PBXGroup;
			children = (
				631C6D3D1731EB7500151EFA /* Fixture Data */,
				631C6D431731EDA700151EFA /* API Adapters */,
				631C6D1D1731DC7200151EFA /* FCSRemoteAPI.h */,
				631C6D1E1731DC7200151EFA /* FCSRemoteAPI.m */,
				631C6D171731D60A00151EFA /* FCSAuthorizer.h */,
				631C6D181731D60A00151EFA /* FCSAuthorizer.m */,
				631C6D351731E6A100151EFA /* FCSAPIAdapter.h */,
			);
			name = RemoteAPI;
			sourceTree = "<group>";
		};
		631C6D241731DD3600151EFA /* RemoteAPI */ = {
			isa = PBXGroup;
			children = (
				631C6D251731DD4900151EFA /* FCSAuthorizerTests.h */,
				631C6D261731DD4900151EFA /* FCSAuthorizerTests.m */,
				631C6D211731DD3000151EFA /* FCSRemoteAPITests.h */,
				631C6D221731DD3000151EFA /* FCSRemoteAPITests.m */,
			);
			name = RemoteAPI;
			sourceTree = "<group>";
		};
		631C6D281731E09800151EFA /* View Controllers */ = {
			isa = PBXGroup;
			children = (
				63520BEA173D623200D32223 /* FCSVoucherViewController.h */,
				63520BEB173D623200D32223 /* FCSVoucherViewController.m */,
				63DB6382173D254400B2DF41 /* VenueList */,
				6323574C1738507F0068A2F5 /* FCSStyledViewController.h */,
				6323574D1738507F0068A2F5 /* FCSStyledViewController.m */,
				63DBB661173164CD003A74CC /* FCSSignUpViewController.h */,
				63DBB662173164CD003A74CC /* FCSSignUpViewController.m */,
				631C6D481732B50A00151EFA /* FCSVenueViewController.h */,
				631C6D491732B50A00151EFA /* FCSVenueViewController.m */,
				6323572A173818A20068A2F5 /* FCSPurchaseViewController.h */,
				6323572B173818A20068A2F5 /* FCSPurchaseViewController.m */,
				63F89780174065FF00FB8391 /* FCSLandingPageViewController.h */,
				63F89781174065FF00FB8391 /* FCSLandingPageViewController.m */,
			);
			name = "View Controllers";
			sourceTree = "<group>";
		};
		631C6D391731E90300151EFA /* Data Model */ = {
			isa = PBXGroup;
			children = (
				63DBB63E173161FD003A74CC /* FoodCircles.xcdatamodeld */,
				631C6D4E1732E77200151EFA /* FCSVenue.h */,
				631C6D4F1732E77200151EFA /* FCSVenue.m */,
				631C6D781733124300151EFA /* FCSSpecial.h */,
				631C6D791733124300151EFA /* FCSSpecial.m */,
			);
			name = "Data Model";
			sourceTree = "<group>";
		};
		631C6D3D1731EB7500151EFA /* Fixture Data */ = {
			isa = PBXGroup;
			children = (
				63F897871740744C00FB8391 /* pa1.jpg */,
				63F897881740744C00FB8391 /* pa2.jpg */,
				63F897891740744C00FB8391 /* pa3.jpg */,
				63F8978A1740744C00FB8391 /* pa4.jpg */,
				63DB6389173D32A900B2DF41 /* Brownie.jpg */,
				63DB638A173D32AA00B2DF41 /* Crack Fries.jpg */,
				63DB638B173D32AA00B2DF41 /* Fountain Drinks.jpg */,
				631C6D511732E91D00151EFA /* hopcat.png */,
				631C6D521732E91D00151EFA /* georgios.png */,
				631C6D531732E91D00151EFA /* stellas.png */,
			);
			name = "Fixture Data";
			sourceTree = "<group>";
		};
		631C6D431731EDA700151EFA /* API Adapters */ = {
			isa = PBXGroup;
			children = (
				631C6D401731EBE400151EFA /* FCSStubAdapter.h */,
				631C6D411731EBE400151EFA /* FCSStubAdapter.m */,
				631C6D2F1731E62900151EFA /* FCSRestV1Adapter.h */,
				631C6D301731E62900151EFA /* FCSRestV1Adapter.m */,
				631C6D321731E63800151EFA /* FCSFixtureAdapter.h */,
				631C6D331731E63800151EFA /* FCSFixtureAdapter.m */,
			);
			name = "API Adapters";
			sourceTree = "<group>";
		};
		631C6D441731EE6500151EFA /* Views */ = {
			isa = PBXGroup;
			children = (
				631C6D131731B31000151EFA /* FCSSignUpViewControllerTests.h */,
				631C6D141731B31000151EFA /* FCSSignUpViewControllerTests.m */,
				631C6D4517329A3000151EFA /* FCSVenueListViewControllerTests.h */,
				631C6D4617329A3000151EFA /* FCSVenueListViewControllerTests.m */,
			);
			name = Views;
			sourceTree = "<group>";
		};
		631C6D5E1733037100151EFA /* PayPalMobile */ = {
			isa = PBXGroup;
			children = (
				631C6D5F1733037100151EFA /* libPayPalMobile.a */,
				631C6D601733037100151EFA /* PayPalMobile.h */,
				631C6D611733037100151EFA /* PayPalPayment.h */,
				631C6D621733037100151EFA /* PayPalPaymentViewController.h */,
			);
			path = PayPalMobile;
			sourceTree = "<group>";
		};
		63235728173815740068A2F5 /* assets */ = {
			isa = PBXGroup;
			children = (
				63235729173815790068A2F5 /* images */,
			);
			name = assets;
			sourceTree = "<group>";
		};
		63235729173815790068A2F5 /* images */ = {
			isa = PBXGroup;
			children = (
				63520BED173D62B100D32223 /* facebook.png */,
				63520BEE173D62B100D32223 /* Twitter.png */,
				63520BEF173D62B100D32223 /* Yelp.png */,
				6312D7EE173BD9C9009B8E6D /* heart.png */,
				6312D7EA173BD70F009B8E6D /* button.png */,
				6323574817384F3B0068A2F5 /* orangeButton.png */,
				6323574917384F3B0068A2F5 /* orangeButton@2x.png */,
				6323573717382E0E0068A2F5 /* Default@2x.png */,
				6323573517382E070068A2F5 /* Default.png */,
				6323573317382DFF0068A2F5 /* Default-568h@2x.png */,
				632357241738156A0068A2F5 /* Hopcat.jpg */,
				632357251738156A0068A2F5 /* kids.tiff */,
			);
			name = images;
			sourceTree = "<group>";
		};
		63DB6382173D254400B2DF41 /* VenueList */ = {
			isa = PBXGroup;
			children = (
				631C6D2C1731E20F00151EFA /* FCSVenueListViewController.h */,
				631C6D2D1731E20F00151EFA /* FCSVenueListViewController.m */,
				63DB637F173D23C800B2DF41 /* FCSVenueCell.h */,
				63DB6380173D23C800B2DF41 /* FCSVenueCell.m */,
			);
			name = VenueList;
			sourceTree = "<group>";
		};
		63DBB618173161FD003A74CC = {
			isa = PBXGroup;
			children = (
				63DBB62C173161FD003A74CC /* FoodCircles */,
				63DBB64E173161FE003A74CC /* FoodCirclesTests */,
				63DBB623173161FD003A74CC /* Frameworks */,
				63DBB622173161FD003A74CC /* Products */,
			);
			sourceTree = "<group>";
		};
		63DBB622173161FD003A74CC /* Products */ = {
			isa = PBXGroup;
			children = (
				63DBB621173161FD003A74CC /* FoodCircles.app */,
				63DBB646173161FE003A74CC /* FoodCirclesTests.octest */,
			);
			name = Products;
			sourceTree = "<group>";
		};
		63DBB623173161FD003A74CC /* Frameworks */ = {
			isa = PBXGroup;
			children = (
				63504A6317393170009DE323 /* FacebookSDK.framework */,
				632357441738349A0068A2F5 /* Social.framework */,
				631C6D64173303DB00151EFA /* AudioToolbox.framework */,
				631C6D65173303DC00151EFA /* AVFoundation.framework */,
				631C6D66173303DC00151EFA /* CoreMedia.framework */,
				631C6D67173303DD00151EFA /* CoreVideo.framework */,
				631C6D68173303DE00151EFA /* libxml2.dylib */,
				631C6D69173303DE00151EFA /* MessageUI.framework */,
				631C6D6A173303DE00151EFA /* MobileCoreServices.framework */,
				631C6D6B173303DF00151EFA /* OpenGLES.framework */,
				631C6D6C173303DF00151EFA /* QuartzCore.framework */,
				631C6D6D173303E000151EFA /* Security.framework */,
				631C6D5E1733037100151EFA /* PayPalMobile */,
				63DBB624173161FD003A74CC /* UIKit.framework */,
				63DBB626173161FD003A74CC /* Foundation.framework */,
				63DBB628173161FD003A74CC /* CoreGraphics.framework */,
				63DBB62A173161FD003A74CC /* CoreData.framework */,
				63DBB647173161FE003A74CC /* SenTestingKit.framework */,
			);
			name = Frameworks;
			sourceTree = "<group>";
		};
		63DBB62C173161FD003A74CC /* FoodCircles */ = {
			isa = PBXGroup;
			children = (
				63F8978317406E7000FB8391 /* vendor */,
				6312D7E1173BCBB4009B8E6D /* UI Styles */,
				631C6D391731E90300151EFA /* Data Model */,
				631C6D281731E09800151EFA /* View Controllers */,
				631C6D201731DC8600151EFA /* RemoteAPI */,
				63DBB635173161FD003A74CC /* FCSAppDelegate.h */,
				63DBB636173161FD003A74CC /* FCSAppDelegate.m */,
				63DBB62D173161FD003A74CC /* Supporting Files */,
			);
			path = FoodCircles;
			sourceTree = "<group>";
		};
		63DBB62D173161FD003A74CC /* Supporting Files */ = {
			isa = PBXGroup;
			children = (
				632357421738333E0068A2F5 /* icon@2x.png */,
				6323573C173832950068A2F5 /* icon.png */,
				63235728173815740068A2F5 /* assets */,
				63DBB65F1731634B003A74CC /* MainStoryboard.storyboard */,
				63DBB62E173161FD003A74CC /* FoodCircles-Info.plist */,
				63DBB62F173161FD003A74CC /* InfoPlist.strings */,
				63DBB632173161FD003A74CC /* main.m */,
				63DBB634173161FD003A74CC /* FoodCircles-Prefix.pch */,
			);
			name = "Supporting Files";
			sourceTree = "<group>";
		};
		63DBB64E173161FE003A74CC /* FoodCirclesTests */ = {
			isa = PBXGroup;
			children = (
				631C6D441731EE6500151EFA /* Views */,
				631C6D241731DD3600151EFA /* RemoteAPI */,
				63DBB64F173161FE003A74CC /* Supporting Files */,
			);
			path = FoodCirclesTests;
			sourceTree = "<group>";
		};
		63DBB64F173161FE003A74CC /* Supporting Files */ = {
			isa = PBXGroup;
			children = (
				63DBB650173161FE003A74CC /* FoodCirclesTests-Info.plist */,
				63DBB651173161FE003A74CC /* InfoPlist.strings */,
			);
			name = "Supporting Files";
			sourceTree = "<group>";
		};
		63F8978317406E7000FB8391 /* vendor */ = {
			isa = PBXGroup;
			children = (
				63F8978417406E9800FB8391 /* iCarousel.h */,
				63F8978517406E9800FB8391 /* iCarousel.m */,
			);
			name = vendor;
			sourceTree = "<group>";
		};
/* End PBXGroup section */

/* Begin PBXNativeTarget section */
		63DBB620173161FD003A74CC /* FoodCircles */ = {
			isa = PBXNativeTarget;
			buildConfigurationList = 63DBB659173161FE003A74CC /* Build configuration list for PBXNativeTarget "FoodCircles" */;
			buildPhases = (
				63DBB61D173161FD003A74CC /* Sources */,
				63DBB61E173161FD003A74CC /* Frameworks */,
				63DBB61F173161FD003A74CC /* Resources */,
				631C6D571732EAF600151EFA /* CopyFiles */,
			);
			buildRules = (
			);
			dependencies = (
			);
			name = FoodCircles;
			productName = FoodCircles;
			productReference = 63DBB621173161FD003A74CC /* FoodCircles.app */;
			productType = "com.apple.product-type.application";
		};
		63DBB645173161FE003A74CC /* FoodCirclesTests */ = {
			isa = PBXNativeTarget;
			buildConfigurationList = 63DBB65C173161FE003A74CC /* Build configuration list for PBXNativeTarget "FoodCirclesTests" */;
			buildPhases = (
				63DBB641173161FE003A74CC /* Sources */,
				63DBB642173161FE003A74CC /* Frameworks */,
				63DBB643173161FE003A74CC /* Resources */,
				63DBB644173161FE003A74CC /* ShellScript */,
			);
			buildRules = (
			);
			dependencies = (
				63DBB64D173161FE003A74CC /* PBXTargetDependency */,
			);
			name = FoodCirclesTests;
			productName = FoodCirclesTests;
			productReference = 63DBB646173161FE003A74CC /* FoodCirclesTests.octest */;
			productType = "com.apple.product-type.bundle";
		};
/* End PBXNativeTarget section */

/* Begin PBXProject section */
		63DBB619173161FD003A74CC /* Project object */ = {
			isa = PBXProject;
			attributes = {
				CLASSPREFIX = FCS;
				LastUpgradeCheck = 0460;
				ORGANIZATIONNAME = FoodCircles;
			};
			buildConfigurationList = 63DBB61C173161FD003A74CC /* Build configuration list for PBXProject "FoodCircles" */;
			compatibilityVersion = "Xcode 3.2";
			developmentRegion = English;
			hasScannedForEncodings = 0;
			knownRegions = (
				en,
			);
			mainGroup = 63DBB618173161FD003A74CC;
			productRefGroup = 63DBB622173161FD003A74CC /* Products */;
			projectDirPath = "";
			projectRoot = "";
			targets = (
				63DBB620173161FD003A74CC /* FoodCircles */,
				63DBB645173161FE003A74CC /* FoodCirclesTests */,
			);
		};
/* End PBXProject section */

/* Begin PBXResourcesBuildPhase section */
		63DBB61F173161FD003A74CC /* Resources */ = {
			isa = PBXResourcesBuildPhase;
			buildActionMask = 2147483647;
			files = (
				63DBB631173161FD003A74CC /* InfoPlist.strings in Resources */,
				63DBB6601731634B003A74CC /* MainStoryboard.storyboard in Resources */,
				632357261738156A0068A2F5 /* Hopcat.jpg in Resources */,
				632357271738156A0068A2F5 /* kids.tiff in Resources */,
				6323573417382DFF0068A2F5 /* Default-568h@2x.png in Resources */,
				6323573617382E070068A2F5 /* Default.png in Resources */,
				6323573817382E0E0068A2F5 /* Default@2x.png in Resources */,
				6323573D173832950068A2F5 /* icon.png in Resources */,
				632357431738333E0068A2F5 /* icon@2x.png in Resources */,
				6323574A17384F3B0068A2F5 /* orangeButton.png in Resources */,
				6323574B17384F3B0068A2F5 /* orangeButton@2x.png in Resources */,
				6312D7EB173BD70F009B8E6D /* button.png in Resources */,
				6312D7EF173BD9CA009B8E6D /* heart.png in Resources */,
				63520BF0173D62B100D32223 /* facebook.png in Resources */,
				63520BF1173D62B100D32223 /* Twitter.png in Resources */,
				63520BF2173D62B100D32223 /* Yelp.png in Resources */,
			);
			runOnlyForDeploymentPostprocessing = 0;
		};
		63DBB643173161FE003A74CC /* Resources */ = {
			isa = PBXResourcesBuildPhase;
			buildActionMask = 2147483647;
			files = (
				63DBB653173161FE003A74CC /* InfoPlist.strings in Resources */,
			);
			runOnlyForDeploymentPostprocessing = 0;
		};
/* End PBXResourcesBuildPhase section */

/* Begin PBXShellScriptBuildPhase section */
		63DBB644173161FE003A74CC /* ShellScript */ = {
			isa = PBXShellScriptBuildPhase;
			buildActionMask = 2147483647;
			files = (
			);
			inputPaths = (
			);
			outputPaths = (
			);
			runOnlyForDeploymentPostprocessing = 0;
			shellPath = /bin/sh;
			shellScript = "# Run the unit tests in this test bundle.\n\"${SYSTEM_DEVELOPER_DIR}/Tools/RunUnitTests\"\n";
		};
/* End PBXShellScriptBuildPhase section */

/* Begin PBXSourcesBuildPhase section */
		63DBB61D173161FD003A74CC /* Sources */ = {
			isa = PBXSourcesBuildPhase;
			buildActionMask = 2147483647;
			files = (
				63DBB633173161FD003A74CC /* main.m in Sources */,
				63DBB637173161FD003A74CC /* FCSAppDelegate.m in Sources */,
				63DBB640173161FD003A74CC /* FoodCircles.xcdatamodeld in Sources */,
				63DBB663173164CD003A74CC /* FCSSignUpViewController.m in Sources */,
				631C6D191731D60A00151EFA /* FCSAuthorizer.m in Sources */,
				631C6D1F1731DC7200151EFA /* FCSRemoteAPI.m in Sources */,
				631C6D2E1731E20F00151EFA /* FCSVenueListViewController.m in Sources */,
				631C6D311731E62900151EFA /* FCSRestV1Adapter.m in Sources */,
				631C6D341731E63800151EFA /* FCSFixtureAdapter.m in Sources */,
				631C6D421731EBE500151EFA /* FCSStubAdapter.m in Sources */,
				631C6D4A1732B50B00151EFA /* FCSVenueViewController.m in Sources */,
				631C6D501732E77200151EFA /* FCSVenue.m in Sources */,
				631C6D7A1733124300151EFA /* FCSSpecial.m in Sources */,
				6305D52F17345D1C0021482B /* FCSNavigationController.m in Sources */,
				6323572C173818A20068A2F5 /* FCSPurchaseViewController.m in Sources */,
				6323574E173850800068A2F5 /* FCSStyledViewController.m in Sources */,
				6312D7E4173BCBCB009B8E6D /* FCSCopyLabel.m in Sources */,
				6312D7E7173BCD11009B8E6D /* FCSButton.m in Sources */,
				6312D7F2173BDE77009B8E6D /* FCSSecondaryCopyLabel.m in Sources */,
				6312D7F5173BDFB9009B8E6D /* FCSHighlightLabel.m in Sources */,
				6312D7F9173BE30E009B8E6D /* FCSHeaderLabel.m in Sources */,
				6312D7FC173BE368009B8E6D /* FCSCopyTextView.m in Sources */,
				63DB6381173D23C800B2DF41 /* FCSVenueCell.m in Sources */,
				63DB6385173D2DDF00B2DF41 /* FCSVenueListLabel.m in Sources */,
				63DB6388173D2EC600B2DF41 /* FCSStyles.m in Sources */,
				63520BE9173D5D2F00D32223 /* FCSCodeLabel.m in Sources */,
				63520BEC173D623200D32223 /* FCSVoucherViewController.m in Sources */,
				63F89782174065FF00FB8391 /* FCSLandingPageViewController.m in Sources */,
				63F8978617406E9800FB8391 /* iCarousel.m in Sources */,
			);
			runOnlyForDeploymentPostprocessing = 0;
		};
		63DBB641173161FE003A74CC /* Sources */ = {
			isa = PBXSourcesBuildPhase;
			buildActionMask = 2147483647;
			files = (
				631C6D151731B31000151EFA /* FCSSignUpViewControllerTests.m in Sources */,
				631C6D231731DD3000151EFA /* FCSRemoteAPITests.m in Sources */,
				631C6D271731DD4900151EFA /* FCSAuthorizerTests.m in Sources */,
				631C6D4717329A3000151EFA /* FCSVenueListViewControllerTests.m in Sources */,
			);
			runOnlyForDeploymentPostprocessing = 0;
		};
/* End PBXSourcesBuildPhase section */

/* Begin PBXTargetDependency section */
		63DBB64D173161FE003A74CC /* PBXTargetDependency */ = {
			isa = PBXTargetDependency;
			target = 63DBB620173161FD003A74CC /* FoodCircles */;
			targetProxy = 63DBB64C173161FE003A74CC /* PBXContainerItemProxy */;
		};
/* End PBXTargetDependency section */

/* Begin PBXVariantGroup section */
		63DBB62F173161FD003A74CC /* InfoPlist.strings */ = {
			isa = PBXVariantGroup;
			children = (
				63DBB630173161FD003A74CC /* en */,
			);
			name = InfoPlist.strings;
			sourceTree = "<group>";
		};
		63DBB651173161FE003A74CC /* InfoPlist.strings */ = {
			isa = PBXVariantGroup;
			children = (
				63DBB652173161FE003A74CC /* en */,
			);
			name = InfoPlist.strings;
			sourceTree = "<group>";
		};
/* End PBXVariantGroup section */

/* Begin XCBuildConfiguration section */
		63DBB657173161FE003A74CC /* Debug */ = {
			isa = XCBuildConfiguration;
			buildSettings = {
				ALWAYS_SEARCH_USER_PATHS = NO;
				CLANG_CXX_LANGUAGE_STANDARD = "gnu++0x";
				CLANG_CXX_LIBRARY = "libc++";
				CLANG_ENABLE_OBJC_ARC = YES;
				CLANG_WARN_CONSTANT_CONVERSION = YES;
				CLANG_WARN_EMPTY_BODY = YES;
				CLANG_WARN_ENUM_CONVERSION = YES;
				CLANG_WARN_INT_CONVERSION = YES;
				CLANG_WARN__DUPLICATE_METHOD_MATCH = YES;
				"CODE_SIGN_IDENTITY[sdk=iphoneos*]" = "iPhone Developer";
				COPY_PHASE_STRIP = NO;
				GCC_C_LANGUAGE_STANDARD = gnu99;
				GCC_DYNAMIC_NO_PIC = NO;
				GCC_OPTIMIZATION_LEVEL = 0;
				GCC_PREPROCESSOR_DEFINITIONS = (
					"DEBUG=1",
					"$(inherited)",
				);
				GCC_SYMBOLS_PRIVATE_EXTERN = NO;
				GCC_WARN_ABOUT_RETURN_TYPE = YES;
				GCC_WARN_UNINITIALIZED_AUTOS = YES;
				GCC_WARN_UNUSED_VARIABLE = YES;
				IPHONEOS_DEPLOYMENT_TARGET = 6.1;
				ONLY_ACTIVE_ARCH = YES;
				SDKROOT = iphoneos;
			};
			name = Debug;
		};
		63DBB658173161FE003A74CC /* Release */ = {
			isa = XCBuildConfiguration;
			buildSettings = {
				ALWAYS_SEARCH_USER_PATHS = NO;
				CLANG_CXX_LANGUAGE_STANDARD = "gnu++0x";
				CLANG_CXX_LIBRARY = "libc++";
				CLANG_ENABLE_OBJC_ARC = YES;
				CLANG_WARN_CONSTANT_CONVERSION = YES;
				CLANG_WARN_EMPTY_BODY = YES;
				CLANG_WARN_ENUM_CONVERSION = YES;
				CLANG_WARN_INT_CONVERSION = YES;
				CLANG_WARN__DUPLICATE_METHOD_MATCH = YES;
				"CODE_SIGN_IDENTITY[sdk=iphoneos*]" = "iPhone Developer";
				COPY_PHASE_STRIP = YES;
				GCC_C_LANGUAGE_STANDARD = gnu99;
				GCC_WARN_ABOUT_RETURN_TYPE = YES;
				GCC_WARN_UNINITIALIZED_AUTOS = YES;
				GCC_WARN_UNUSED_VARIABLE = YES;
				IPHONEOS_DEPLOYMENT_TARGET = 6.1;
				OTHER_CFLAGS = "-DNS_BLOCK_ASSERTIONS=1";
				SDKROOT = iphoneos;
				VALIDATE_PRODUCT = YES;
			};
			name = Release;
		};
		63DBB65A173161FE003A74CC /* Debug */ = {
			isa = XCBuildConfiguration;
			buildSettings = {
				GCC_PRECOMPILE_PREFIX_HEADER = YES;
				GCC_PREFIX_HEADER = "FoodCircles/FoodCircles-Prefix.pch";
				INFOPLIST_FILE = "FoodCircles/FoodCircles-Info.plist";
				LIBRARY_SEARCH_PATHS = (
					"$(inherited)",
					"\"$(SRCROOT)/PayPalMobile\"",
				);
				OTHER_LDFLAGS = (
					"-lstdc++",
					"-ObjC",
				);
				PRODUCT_NAME = "$(TARGET_NAME)";
				WRAPPER_EXTENSION = app;
			};
			name = Debug;
		};
		63DBB65B173161FE003A74CC /* Release */ = {
			isa = XCBuildConfiguration;
			buildSettings = {
				GCC_PRECOMPILE_PREFIX_HEADER = YES;
				GCC_PREFIX_HEADER = "FoodCircles/FoodCircles-Prefix.pch";
				INFOPLIST_FILE = "FoodCircles/FoodCircles-Info.plist";
				LIBRARY_SEARCH_PATHS = (
					"$(inherited)",
					"\"$(SRCROOT)/PayPalMobile\"",
				);
				OTHER_LDFLAGS = (
					"-lstdc++",
					"-ObjC",
				);
				PRODUCT_NAME = "$(TARGET_NAME)";
				WRAPPER_EXTENSION = app;
			};
			name = Release;
		};
		63DBB65D173161FE003A74CC /* Debug */ = {
			isa = XCBuildConfiguration;
			buildSettings = {
				BUNDLE_LOADER = "$(BUILT_PRODUCTS_DIR)/FoodCircles.app/FoodCircles";
				FRAMEWORK_SEARCH_PATHS = (
					"\"$(SDKROOT)/Developer/Library/Frameworks\"",
					"\"$(DEVELOPER_LIBRARY_DIR)/Frameworks\"",
				);
				GCC_PRECOMPILE_PREFIX_HEADER = YES;
				GCC_PREFIX_HEADER = "FoodCircles/FoodCircles-Prefix.pch";
				INFOPLIST_FILE = "FoodCirclesTests/FoodCirclesTests-Info.plist";
				PRODUCT_NAME = "$(TARGET_NAME)";
				TEST_HOST = "$(BUNDLE_LOADER)";
				WRAPPER_EXTENSION = octest;
			};
			name = Debug;
		};
		63DBB65E173161FE003A74CC /* Release */ = {
			isa = XCBuildConfiguration;
			buildSettings = {
				BUNDLE_LOADER = "$(BUILT_PRODUCTS_DIR)/FoodCircles.app/FoodCircles";
				FRAMEWORK_SEARCH_PATHS = (
					"\"$(SDKROOT)/Developer/Library/Frameworks\"",
					"\"$(DEVELOPER_LIBRARY_DIR)/Frameworks\"",
				);
				GCC_PRECOMPILE_PREFIX_HEADER = YES;
				GCC_PREFIX_HEADER = "FoodCircles/FoodCircles-Prefix.pch";
				INFOPLIST_FILE = "FoodCirclesTests/FoodCirclesTests-Info.plist";
				PRODUCT_NAME = "$(TARGET_NAME)";
				TEST_HOST = "$(BUNDLE_LOADER)";
				WRAPPER_EXTENSION = octest;
			};
			name = Release;
		};
/* End XCBuildConfiguration section */

/* Begin XCConfigurationList section */
		63DBB61C173161FD003A74CC /* Build configuration list for PBXProject "FoodCircles" */ = {
			isa = XCConfigurationList;
			buildConfigurations = (
				63DBB657173161FE003A74CC /* Debug */,
				63DBB658173161FE003A74CC /* Release */,
			);
			defaultConfigurationIsVisible = 0;
			defaultConfigurationName = Release;
		};
		63DBB659173161FE003A74CC /* Build configuration list for PBXNativeTarget "FoodCircles" */ = {
			isa = XCConfigurationList;
			buildConfigurations = (
				63DBB65A173161FE003A74CC /* Debug */,
				63DBB65B173161FE003A74CC /* Release */,
			);
			defaultConfigurationIsVisible = 0;
			defaultConfigurationName = Release;
		};
		63DBB65C173161FE003A74CC /* Build configuration list for PBXNativeTarget "FoodCirclesTests" */ = {
			isa = XCConfigurationList;
			buildConfigurations = (
				63DBB65D173161FE003A74CC /* Debug */,
				63DBB65E173161FE003A74CC /* Release */,
			);
			defaultConfigurationIsVisible = 0;
			defaultConfigurationName = Release;
		};
/* End XCConfigurationList section */

/* Begin XCVersionGroup section */
		63DBB63E173161FD003A74CC /* FoodCircles.xcdatamodeld */ = {
			isa = XCVersionGroup;
			children = (
				63DBB63F173161FD003A74CC /* FoodCircles.xcdatamodel */,
			);
			currentVersion = 63DBB63F173161FD003A74CC /* FoodCircles.xcdatamodel */;
			path = FoodCircles.xcdatamodeld;
			sourceTree = "<group>";
			versionGroupType = wrapper.xcdatamodel;
		};
/* End XCVersionGroup section */
	};
	rootObject = 63DBB619173161FD003A74CC /* Project object */;
}
